
Microsoft Visual Studio Solution File, Format Version 12.00
# Visual Studio Version 17
VisualStudioVersion = 17.6.33829.357
MinimumVisualStudioVersion = 10.0.40219.1
Project("{FAE04EC0-301F-11D3-BF4B-00C04F79EFBC}") = "Ch04Ex1MovieList", "Ch04Ex1MovieList\Ch04Ex1MovieList.csproj", "{B86B01E9-9F18-4286-B99A-3252E983B135}"
EndProject
Global
	GlobalSection(SolutionConfigurationPlatforms) = preSolution
		Debug|Any CPU = Debug|Any CPU
		Release|Any CPU = Release|Any CPU
	EndGlobalSection
	GlobalSection(ProjectConfigurationPlatforms) = postSolution
		{B86B01E9-9F18-4286-B99A-3252E983B135}.Debug|Any CPU.ActiveCfg = Debug|Any CPU
		{B86B01E9-9F18-4286-B99A-3252E983B135}.Debug|Any CPU.Build.0 = Debug|Any CPU
		{B86B01E9-9F18-4286-B99A-3252E983B135}.Release|Any CPU.ActiveCfg = Release|Any CPU
		{B86B01E9-9F18-4286-B99A-3252E983B135}.Release|Any CPU.Build.0 = Release|Any CPU
	EndGlobalSection
	GlobalSection(SolutionProperties) = preSolution
		HideSolutionNode = FALSE
	EndGlobalSection
	GlobalSection(ExtensibilityGlobals) = postSolution
		SolutionGuid = {5B94E5B0-D424-4894-9ACD-A937CBC9D62E}
	EndGlobalSection
EndGlobal
